
Microsoft Visual Studio Solution File, Format Version 12.00
# Visual Studio Version 17
VisualStudioVersion = 17.13.35931.197
MinimumVisualStudioVersion = 10.0.40219.1
Project("{FAE04EC0-301F-11D3-BF4B-00C04F79EFBC}") = "Project1_AdonetCustomer", "Project1_AdonetCustomer\Project1_AdonetCustomer.csproj", "{C0848C33-25F7-40FA-94B0-7351862AD7AD}"
EndProject
Project("{FAE04EC0-301F-11D3-BF4B-00C04F79EFBC}") = "Project2_EntityFrameworkDbFirstProduct", "EntityFrameworkDbFirstProduct\Project2_EntityFrameworkDbFirstProduct.csproj", "{4C046DCC-C130-47C6-9CFF-F03CFB5FAD2C}"
EndProject
Project("{FAE04EC0-301F-11D3-BF4B-00C04F79EFBC}") = "Project4_EntityFramework_Code_First_Movie", "Project4_EntityFramework_Code_First_Movie\Project4_EntityFramework_Code_First_Movie.csproj", "{044B1812-A4AD-4574-B55B-EE21D1EEE17F}"
EndProject
Project("{FAE04EC0-301F-11D3-BF4B-00C04F79EFBC}") = "Project_DapperNorthwind", "Project_DapperNorthwind\Project_DapperNorthwind.csproj", "{95118566-B166-4DFA-8800-206B8BD3840F}"
EndProject
Project("{FAE04EC0-301F-11D3-BF4B-00C04F79EFBC}") = "WeatherApi", "WeatherApi\WeatherApi.csproj", "{76EA5F3A-1A1C-4BA9-BF75-18050DDE8191}"
EndProject
Project("{FAE04EC0-301F-11D3-BF4B-00C04F79EFBC}") = "API_WeatherConsume", "API_WeatherConsume\API_WeatherConsume.csproj", "{B2EBF5AA-2CA5-4CF1-99A4-BC4E21BD8147}"
EndProject
Global
	GlobalSection(SolutionConfigurationPlatforms) = preSolution
		Debug|Any CPU = Debug|Any CPU
		Release|Any CPU = Release|Any CPU
	EndGlobalSection
	GlobalSection(ProjectConfigurationPlatforms) = postSolution
		{C0848C33-25F7-40FA-94B0-7351862AD7AD}.Debug|Any CPU.ActiveCfg = Debug|Any CPU
		{C0848C33-25F7-40FA-94B0-7351862AD7AD}.Debug|Any CPU.Build.0 = Debug|Any CPU
		{C0848C33-25F7-40FA-94B0-7351862AD7AD}.Release|Any CPU.ActiveCfg = Release|Any CPU
		{C0848C33-25F7-40FA-94B0-7351862AD7AD}.Release|Any CPU.Build.0 = Release|Any CPU
		{4C046DCC-C130-47C6-9CFF-F03CFB5FAD2C}.Debug|Any CPU.ActiveCfg = Debug|Any CPU
		{4C046DCC-C130-47C6-9CFF-F03CFB5FAD2C}.Debug|Any CPU.Build.0 = Debug|Any CPU
		{4C046DCC-C130-47C6-9CFF-F03CFB5FAD2C}.Release|Any CPU.ActiveCfg = Release|Any CPU
		{4C046DCC-C130-47C6-9CFF-F03CFB5FAD2C}.Release|Any CPU.Build.0 = Release|Any CPU
		{044B1812-A4AD-4574-B55B-EE21D1EEE17F}.Debug|Any CPU.ActiveCfg = Debug|Any CPU
		{044B1812-A4AD-4574-B55B-EE21D1EEE17F}.Debug|Any CPU.Build.0 = Debug|Any CPU
		{044B1812-A4AD-4574-B55B-EE21D1EEE17F}.Release|Any CPU.ActiveCfg = Release|Any CPU
		{044B1812-A4AD-4574-B55B-EE21D1EEE17F}.Release|Any CPU.Build.0 = Release|Any CPU
		{95118566-B166-4DFA-8800-206B8BD3840F}.Debug|Any CPU.ActiveCfg = Debug|Any CPU
		{95118566-B166-4DFA-8800-206B8BD3840F}.Debug|Any CPU.Build.0 = Debug|Any CPU
		{95118566-B166-4DFA-8800-206B8BD3840F}.Release|Any CPU.ActiveCfg = Release|Any CPU
		{95118566-B166-4DFA-8800-206B8BD3840F}.Release|Any CPU.Build.0 = Release|Any CPU
		{76EA5F3A-1A1C-4BA9-BF75-18050DDE8191}.Debug|Any CPU.ActiveCfg = Debug|Any CPU
		{76EA5F3A-1A1C-4BA9-BF75-18050DDE8191}.Debug|Any CPU.Build.0 = Debug|Any CPU
		{76EA5F3A-1A1C-4BA9-BF75-18050DDE8191}.Release|Any CPU.ActiveCfg = Release|Any CPU
		{76EA5F3A-1A1C-4BA9-BF75-18050DDE8191}.Release|Any CPU.Build.0 = Release|Any CPU
		{B2EBF5AA-2CA5-4CF1-99A4-BC4E21BD8147}.Debug|Any CPU.ActiveCfg = Debug|Any CPU
		{B2EBF5AA-2CA5-4CF1-99A4-BC4E21BD8147}.Debug|Any CPU.Build.0 = Debug|Any CPU
		{B2EBF5AA-2CA5-4CF1-99A4-BC4E21BD8147}.Release|Any CPU.ActiveCfg = Release|Any CPU
		{B2EBF5AA-2CA5-4CF1-99A4-BC4E21BD8147}.Release|Any CPU.Build.0 = Release|Any CPU
	EndGlobalSection
	GlobalSection(SolutionProperties) = preSolution
		HideSolutionNode = FALSE
	EndGlobalSection
	GlobalSection(ExtensibilityGlobals) = postSolution
		SolutionGuid = {9F9116DA-4823-460A-99F2-7A361086FDFF}
	EndGlobalSection
EndGlobal
